
Microsoft Visual Studio Solution File, Format Version 12.00
# Visual Studio Version 17
VisualStudioVersion = 17.2.32526.322
MinimumVisualStudioVersion = 10.0.40219.1
Project("{FAE04EC0-301F-11D3-BF4B-00C04F79EFBC}") = "AttendenceMonitor", "AttendenceMonitor.csproj", "{A9BDAD01-B0BF-45F3-8D5E-10423AA9B392}"
EndProject
Global
	GlobalSection(SolutionConfigurationPlatforms) = preSolution
		Debug|Any CPU = Debug|Any CPU
		Release|Any CPU = Release|Any CPU
	EndGlobalSection
	GlobalSection(ProjectConfigurationPlatforms) = postSolution
		{A9BDAD01-B0BF-45F3-8D5E-10423AA9B392}.Debug|Any CPU.ActiveCfg = Debug|Any CPU
		{A9BDAD01-B0BF-45F3-8D5E-10423AA9B392}.Debug|Any CPU.Build.0 = Debug|Any CPU
		{A9BDAD01-B0BF-45F3-8D5E-10423AA9B392}.Release|Any CPU.ActiveCfg = Release|Any CPU
		{A9BDAD01-B0BF-45F3-8D5E-10423AA9B392}.Release|Any CPU.Build.0 = Release|Any CPU
	EndGlobalSection
	GlobalSection(SolutionProperties) = preSolution
		HideSolutionNode = FALSE
	EndGlobalSection
	GlobalSection(ExtensibilityGlobals) = postSolution
		SolutionGuid = {6E64459C-89DE-4670-9454-96558F697BA3}
	EndGlobalSection
EndGlobal
